
Microsoft Visual Studio Solution File, Format Version 12.00
Project("{FAE04EC0-301F-11D3-BF4B-00C04F79EFBC}") = "PlanManager.Services", "PlanManager.Services\PlanManager.Services.csproj", "{BE322A25-9051-4ED3-9C9D-B033BE69E439}"
EndProject
Project("{2150E333-8FDC-42A3-9474-1A3956D46DE8}") = "src", "src", "{E0D33AD4-24D9-4056-8176-15CDE27770CD}"
EndProject
Project("{2150E333-8FDC-42A3-9474-1A3956D46DE8}") = "tests", "tests", "{83D892C3-C369-4C32-9F2D-14DADED37AB6}"
EndProject
Project("{FAE04EC0-301F-11D3-BF4B-00C04F79EFBC}") = "PlanManager.Tests", "PlanManager.Tests\PlanManager.Tests.csproj", "{A96C3B73-62FD-4DE5-99C6-74A6BE9AFAE7}"
EndProject
Project("{FAE04EC0-301F-11D3-BF4B-00C04F79EFBC}") = "ManagerAPI.Backend", "ManagerAPI.Backend\ManagerAPI.Backend.csproj", "{601E458D-46A7-44C2-86EE-59F9C0DE668B}"
EndProject
Project("{FAE04EC0-301F-11D3-BF4B-00C04F79EFBC}") = "ManagerAPI.DataAccess", "ManagerAPI.DataAccess\ManagerAPI.DataAccess.csproj", "{C9F33991-7CCA-4C60-802F-DEE1A8567570}"
EndProject
Project("{2150E333-8FDC-42A3-9474-1A3956D46DE8}") = "PlanManager", "PlanManager", "{91326DD7-A3F8-4128-8C37-F229AD51717A}"
EndProject
Project("{2150E333-8FDC-42A3-9474-1A3956D46DE8}") = "EventManager", "EventManager", "{62B52463-32A3-46D3-9066-5C1EADFEF597}"
EndProject
Project("{FAE04EC0-301F-11D3-BF4B-00C04F79EFBC}") = "EventManager.Services", "EventManager.Services\EventManager.Services.csproj", "{5BE487CF-8BDE-418F-9142-2F33CFE15E6B}"
EndProject
Project("{FAE04EC0-301F-11D3-BF4B-00C04F79EFBC}") = "ManagerAPI.Services", "ManagerAPI.Services\ManagerAPI.Services.csproj", "{F04680E1-7718-4A97-A051-0A4E721A3B30}"
EndProject
Project("{FAE04EC0-301F-11D3-BF4B-00C04F79EFBC}") = "EventManager.Client", "EventManager.Client\EventManager.Client.csproj", "{C9751816-887F-4261-8A2A-A5DEA7BF1F30}"
EndProject
Global
	GlobalSection(SolutionConfigurationPlatforms) = preSolution
		Debug|Any CPU = Debug|Any CPU
		Release|Any CPU = Release|Any CPU
	EndGlobalSection
	GlobalSection(ProjectConfigurationPlatforms) = postSolution
		{BE322A25-9051-4ED3-9C9D-B033BE69E439}.Debug|Any CPU.ActiveCfg = Debug|Any CPU
		{BE322A25-9051-4ED3-9C9D-B033BE69E439}.Debug|Any CPU.Build.0 = Debug|Any CPU
		{BE322A25-9051-4ED3-9C9D-B033BE69E439}.Release|Any CPU.ActiveCfg = Release|Any CPU
		{BE322A25-9051-4ED3-9C9D-B033BE69E439}.Release|Any CPU.Build.0 = Release|Any CPU
		{A96C3B73-62FD-4DE5-99C6-74A6BE9AFAE7}.Debug|Any CPU.ActiveCfg = Debug|Any CPU
		{A96C3B73-62FD-4DE5-99C6-74A6BE9AFAE7}.Debug|Any CPU.Build.0 = Debug|Any CPU
		{A96C3B73-62FD-4DE5-99C6-74A6BE9AFAE7}.Release|Any CPU.ActiveCfg = Release|Any CPU
		{A96C3B73-62FD-4DE5-99C6-74A6BE9AFAE7}.Release|Any CPU.Build.0 = Release|Any CPU
		{601E458D-46A7-44C2-86EE-59F9C0DE668B}.Debug|Any CPU.ActiveCfg = Debug|Any CPU
		{601E458D-46A7-44C2-86EE-59F9C0DE668B}.Debug|Any CPU.Build.0 = Debug|Any CPU
		{601E458D-46A7-44C2-86EE-59F9C0DE668B}.Release|Any CPU.ActiveCfg = Release|Any CPU
		{601E458D-46A7-44C2-86EE-59F9C0DE668B}.Release|Any CPU.Build.0 = Release|Any CPU
		{C9F33991-7CCA-4C60-802F-DEE1A8567570}.Debug|Any CPU.ActiveCfg = Debug|Any CPU
		{C9F33991-7CCA-4C60-802F-DEE1A8567570}.Debug|Any CPU.Build.0 = Debug|Any CPU
		{C9F33991-7CCA-4C60-802F-DEE1A8567570}.Release|Any CPU.ActiveCfg = Release|Any CPU
		{C9F33991-7CCA-4C60-802F-DEE1A8567570}.Release|Any CPU.Build.0 = Release|Any CPU
		{5BE487CF-8BDE-418F-9142-2F33CFE15E6B}.Debug|Any CPU.ActiveCfg = Debug|Any CPU
		{5BE487CF-8BDE-418F-9142-2F33CFE15E6B}.Debug|Any CPU.Build.0 = Debug|Any CPU
		{5BE487CF-8BDE-418F-9142-2F33CFE15E6B}.Release|Any CPU.ActiveCfg = Release|Any CPU
		{5BE487CF-8BDE-418F-9142-2F33CFE15E6B}.Release|Any CPU.Build.0 = Release|Any CPU
		{F04680E1-7718-4A97-A051-0A4E721A3B30}.Debug|Any CPU.ActiveCfg = Debug|Any CPU
		{F04680E1-7718-4A97-A051-0A4E721A3B30}.Debug|Any CPU.Build.0 = Debug|Any CPU
		{F04680E1-7718-4A97-A051-0A4E721A3B30}.Release|Any CPU.ActiveCfg = Release|Any CPU
		{F04680E1-7718-4A97-A051-0A4E721A3B30}.Release|Any CPU.Build.0 = Release|Any CPU
		{C9751816-887F-4261-8A2A-A5DEA7BF1F30}.Debug|Any CPU.ActiveCfg = Debug|Any CPU
		{C9751816-887F-4261-8A2A-A5DEA7BF1F30}.Debug|Any CPU.Build.0 = Debug|Any CPU
		{C9751816-887F-4261-8A2A-A5DEA7BF1F30}.Release|Any CPU.ActiveCfg = Release|Any CPU
		{C9751816-887F-4261-8A2A-A5DEA7BF1F30}.Release|Any CPU.Build.0 = Release|Any CPU
	EndGlobalSection
	GlobalSection(NestedProjects) = preSolution
		{A96C3B73-62FD-4DE5-99C6-74A6BE9AFAE7} = {83D892C3-C369-4C32-9F2D-14DADED37AB6}
		{601E458D-46A7-44C2-86EE-59F9C0DE668B} = {E0D33AD4-24D9-4056-8176-15CDE27770CD}
		{C9F33991-7CCA-4C60-802F-DEE1A8567570} = {E0D33AD4-24D9-4056-8176-15CDE27770CD}
		{91326DD7-A3F8-4128-8C37-F229AD51717A} = {E0D33AD4-24D9-4056-8176-15CDE27770CD}
		{BE322A25-9051-4ED3-9C9D-B033BE69E439} = {91326DD7-A3F8-4128-8C37-F229AD51717A}
		{62B52463-32A3-46D3-9066-5C1EADFEF597} = {E0D33AD4-24D9-4056-8176-15CDE27770CD}
		{5BE487CF-8BDE-418F-9142-2F33CFE15E6B} = {62B52463-32A3-46D3-9066-5C1EADFEF597}
		{F04680E1-7718-4A97-A051-0A4E721A3B30} = {E0D33AD4-24D9-4056-8176-15CDE27770CD}
		{C9751816-887F-4261-8A2A-A5DEA7BF1F30} = {62B52463-32A3-46D3-9066-5C1EADFEF597}
	EndGlobalSection
EndGlobal
