
Microsoft Visual Studio Solution File, Format Version 12.00
# Visual Studio Version 16
VisualStudioVersion = 16.0.30114.105
MinimumVisualStudioVersion = 10.0.40219.1
Project("{9A19103F-16F7-4668-BE54-9A1E7A4F7556}") = "PlanManager.Services", "PlanManager.Services\PlanManager.Services.csproj", "{BE322A25-9051-4ED3-9C9D-B033BE69E439}"
EndProject
Project("{2150E333-8FDC-42A3-9474-1A3956D46DE8}") = "src", "src", "{E0D33AD4-24D9-4056-8176-15CDE27770CD}"
EndProject
Project("{2150E333-8FDC-42A3-9474-1A3956D46DE8}") = "tests", "tests", "{83D892C3-C369-4C32-9F2D-14DADED37AB6}"
EndProject
Project("{9A19103F-16F7-4668-BE54-9A1E7A4F7556}") = "PlanManager.Tests", "PlanManager.Tests\PlanManager.Tests.csproj", "{A96C3B73-62FD-4DE5-99C6-74A6BE9AFAE7}"
EndProject
Project("{9A19103F-16F7-4668-BE54-9A1E7A4F7556}") = "ManagerAPI.Backend", "ManagerAPI.Backend\ManagerAPI.Backend.csproj", "{601E458D-46A7-44C2-86EE-59F9C0DE668B}"
EndProject
Project("{9A19103F-16F7-4668-BE54-9A1E7A4F7556}") = "ManagerAPI.DataAccess", "ManagerAPI.DataAccess\ManagerAPI.DataAccess.csproj", "{C9F33991-7CCA-4C60-802F-DEE1A8567570}"
EndProject
Project("{2150E333-8FDC-42A3-9474-1A3956D46DE8}") = "PlanManager", "PlanManager", "{91326DD7-A3F8-4128-8C37-F229AD51717A}"
	ProjectSection(SolutionItems) = preProject
		PlanManager.Services\PlanManager.Services.csproj = PlanManager.Services\PlanManager.Services.csproj
	EndProjectSection
EndProject
Project("{2150E333-8FDC-42A3-9474-1A3956D46DE8}") = "EventManager", "EventManager", "{62B52463-32A3-46D3-9066-5C1EADFEF597}"
EndProject
Project("{9A19103F-16F7-4668-BE54-9A1E7A4F7556}") = "EventManager.Services", "EventManager.Services\EventManager.Services.csproj", "{5BE487CF-8BDE-418F-9142-2F33CFE15E6B}"
EndProject
Project("{9A19103F-16F7-4668-BE54-9A1E7A4F7556}") = "ManagerAPI.Services", "ManagerAPI.Services\ManagerAPI.Services.csproj", "{F04680E1-7718-4A97-A051-0A4E721A3B30}"
EndProject
Project("{9A19103F-16F7-4668-BE54-9A1E7A4F7556}") = "EventManager.Client", "EventManager.Client\EventManager.Client.csproj", "{C9751816-887F-4261-8A2A-A5DEA7BF1F30}"
EndProject
Project("{9A19103F-16F7-4668-BE54-9A1E7A4F7556}") = "ManagerAPI.Domain", "ManagerAPI.Domain\ManagerAPI.Domain.csproj", "{CBDF252A-5134-42EE-9F32-3E6EC74B69EC}"
EndProject
Project("{2150E333-8FDC-42A3-9474-1A3956D46DE8}") = "MovieCorner", "MovieCorner", "{267F7DF1-FA75-4A83-A63D-C9E696373392}"
EndProject
Project("{9A19103F-16F7-4668-BE54-9A1E7A4F7556}") = "MovieCorner.Services", "MovieCorner.Services\MovieCorner.Services.csproj", "{3E60E00C-942C-43A6-8D45-4F939440F06D}"
EndProject
Project("{9A19103F-16F7-4668-BE54-9A1E7A4F7556}") = "ManagerAPI.Shared", "ManagerAPI.Shared\ManagerAPI.Shared.csproj", "{A6369695-89DE-4CD3-A34B-90177C23FCE7}"
EndProject
Global
	GlobalSection(SolutionConfigurationPlatforms) = preSolution
		Debug|Any CPU = Debug|Any CPU
		Release|Any CPU = Release|Any CPU
	EndGlobalSection
	GlobalSection(ProjectConfigurationPlatforms) = postSolution
		{BE322A25-9051-4ED3-9C9D-B033BE69E439}.Debug|Any CPU.ActiveCfg = Debug|Any CPU
		{BE322A25-9051-4ED3-9C9D-B033BE69E439}.Debug|Any CPU.Build.0 = Debug|Any CPU
		{BE322A25-9051-4ED3-9C9D-B033BE69E439}.Release|Any CPU.ActiveCfg = Release|Any CPU
		{BE322A25-9051-4ED3-9C9D-B033BE69E439}.Release|Any CPU.Build.0 = Release|Any CPU
		{A96C3B73-62FD-4DE5-99C6-74A6BE9AFAE7}.Debug|Any CPU.ActiveCfg = Debug|Any CPU
		{A96C3B73-62FD-4DE5-99C6-74A6BE9AFAE7}.Debug|Any CPU.Build.0 = Debug|Any CPU
		{A96C3B73-62FD-4DE5-99C6-74A6BE9AFAE7}.Release|Any CPU.ActiveCfg = Release|Any CPU
		{A96C3B73-62FD-4DE5-99C6-74A6BE9AFAE7}.Release|Any CPU.Build.0 = Release|Any CPU
		{601E458D-46A7-44C2-86EE-59F9C0DE668B}.Debug|Any CPU.ActiveCfg = Debug|Any CPU
		{601E458D-46A7-44C2-86EE-59F9C0DE668B}.Debug|Any CPU.Build.0 = Debug|Any CPU
		{601E458D-46A7-44C2-86EE-59F9C0DE668B}.Release|Any CPU.ActiveCfg = Release|Any CPU
		{601E458D-46A7-44C2-86EE-59F9C0DE668B}.Release|Any CPU.Build.0 = Release|Any CPU
		{C9F33991-7CCA-4C60-802F-DEE1A8567570}.Debug|Any CPU.ActiveCfg = Debug|Any CPU
		{C9F33991-7CCA-4C60-802F-DEE1A8567570}.Debug|Any CPU.Build.0 = Debug|Any CPU
		{C9F33991-7CCA-4C60-802F-DEE1A8567570}.Release|Any CPU.ActiveCfg = Release|Any CPU
		{C9F33991-7CCA-4C60-802F-DEE1A8567570}.Release|Any CPU.Build.0 = Release|Any CPU
		{5BE487CF-8BDE-418F-9142-2F33CFE15E6B}.Debug|Any CPU.ActiveCfg = Debug|Any CPU
		{5BE487CF-8BDE-418F-9142-2F33CFE15E6B}.Debug|Any CPU.Build.0 = Debug|Any CPU
		{5BE487CF-8BDE-418F-9142-2F33CFE15E6B}.Release|Any CPU.ActiveCfg = Release|Any CPU
		{5BE487CF-8BDE-418F-9142-2F33CFE15E6B}.Release|Any CPU.Build.0 = Release|Any CPU
		{F04680E1-7718-4A97-A051-0A4E721A3B30}.Debug|Any CPU.ActiveCfg = Debug|Any CPU
		{F04680E1-7718-4A97-A051-0A4E721A3B30}.Debug|Any CPU.Build.0 = Debug|Any CPU
		{F04680E1-7718-4A97-A051-0A4E721A3B30}.Release|Any CPU.ActiveCfg = Release|Any CPU
		{F04680E1-7718-4A97-A051-0A4E721A3B30}.Release|Any CPU.Build.0 = Release|Any CPU
		{C9751816-887F-4261-8A2A-A5DEA7BF1F30}.Debug|Any CPU.ActiveCfg = Debug|Any CPU
		{C9751816-887F-4261-8A2A-A5DEA7BF1F30}.Debug|Any CPU.Build.0 = Debug|Any CPU
		{C9751816-887F-4261-8A2A-A5DEA7BF1F30}.Release|Any CPU.ActiveCfg = Release|Any CPU
		{C9751816-887F-4261-8A2A-A5DEA7BF1F30}.Release|Any CPU.Build.0 = Release|Any CPU
		{CBDF252A-5134-42EE-9F32-3E6EC74B69EC}.Debug|Any CPU.ActiveCfg = Debug|Any CPU
		{CBDF252A-5134-42EE-9F32-3E6EC74B69EC}.Debug|Any CPU.Build.0 = Debug|Any CPU
		{CBDF252A-5134-42EE-9F32-3E6EC74B69EC}.Release|Any CPU.ActiveCfg = Release|Any CPU
		{CBDF252A-5134-42EE-9F32-3E6EC74B69EC}.Release|Any CPU.Build.0 = Release|Any CPU
		{3E60E00C-942C-43A6-8D45-4F939440F06D}.Debug|Any CPU.ActiveCfg = Debug|Any CPU
		{3E60E00C-942C-43A6-8D45-4F939440F06D}.Debug|Any CPU.Build.0 = Debug|Any CPU
		{3E60E00C-942C-43A6-8D45-4F939440F06D}.Release|Any CPU.ActiveCfg = Release|Any CPU
		{3E60E00C-942C-43A6-8D45-4F939440F06D}.Release|Any CPU.Build.0 = Release|Any CPU
		{A6369695-89DE-4CD3-A34B-90177C23FCE7}.Debug|Any CPU.ActiveCfg = Debug|Any CPU
		{A6369695-89DE-4CD3-A34B-90177C23FCE7}.Debug|Any CPU.Build.0 = Debug|Any CPU
		{A6369695-89DE-4CD3-A34B-90177C23FCE7}.Release|Any CPU.ActiveCfg = Release|Any CPU
		{A6369695-89DE-4CD3-A34B-90177C23FCE7}.Release|Any CPU.Build.0 = Release|Any CPU
	EndGlobalSection
	GlobalSection(SolutionProperties) = preSolution
		HideSolutionNode = FALSE
	EndGlobalSection
	GlobalSection(NestedProjects) = preSolution
		{BE322A25-9051-4ED3-9C9D-B033BE69E439} = {91326DD7-A3F8-4128-8C37-F229AD51717A}
		{A96C3B73-62FD-4DE5-99C6-74A6BE9AFAE7} = {83D892C3-C369-4C32-9F2D-14DADED37AB6}
		{601E458D-46A7-44C2-86EE-59F9C0DE668B} = {E0D33AD4-24D9-4056-8176-15CDE27770CD}
		{C9F33991-7CCA-4C60-802F-DEE1A8567570} = {E0D33AD4-24D9-4056-8176-15CDE27770CD}
		{91326DD7-A3F8-4128-8C37-F229AD51717A} = {E0D33AD4-24D9-4056-8176-15CDE27770CD}
		{62B52463-32A3-46D3-9066-5C1EADFEF597} = {E0D33AD4-24D9-4056-8176-15CDE27770CD}
		{5BE487CF-8BDE-418F-9142-2F33CFE15E6B} = {62B52463-32A3-46D3-9066-5C1EADFEF597}
		{F04680E1-7718-4A97-A051-0A4E721A3B30} = {E0D33AD4-24D9-4056-8176-15CDE27770CD}
		{C9751816-887F-4261-8A2A-A5DEA7BF1F30} = {62B52463-32A3-46D3-9066-5C1EADFEF597}
		{CBDF252A-5134-42EE-9F32-3E6EC74B69EC} = {E0D33AD4-24D9-4056-8176-15CDE27770CD}
		{267F7DF1-FA75-4A83-A63D-C9E696373392} = {E0D33AD4-24D9-4056-8176-15CDE27770CD}
		{3E60E00C-942C-43A6-8D45-4F939440F06D} = {267F7DF1-FA75-4A83-A63D-C9E696373392}
		{A6369695-89DE-4CD3-A34B-90177C23FCE7} = {E0D33AD4-24D9-4056-8176-15CDE27770CD}
	EndGlobalSection
	GlobalSection(ExtensibilityGlobals) = postSolution
		SolutionGuid = {42B15A23-20A6-4A56-8C36-4FA287377346}
	EndGlobalSection
EndGlobal
