
Microsoft Visual Studio Solution File, Format Version 12.00
Project("{FAE04EC0-301F-11D3-BF4B-00C04F79EFBC}") = "PlanManager.Backend", "PlanManager.Backend\PlanManager.Backend.csproj", "{9E75048C-A72D-4356-9BB1-7AE18350E8AD}"
EndProject
Project("{FAE04EC0-301F-11D3-BF4B-00C04F79EFBC}") = "PlanManager.DataAccess", "PlanManager.DataAccess\PlanManager.DataAccess.csproj", "{AF30B19F-5D04-4759-9D70-AC07C0885D71}"
EndProject
Project("{FAE04EC0-301F-11D3-BF4B-00C04F79EFBC}") = "PlanManager.Services", "PlanManager.Services\PlanManager.Services.csproj", "{BE322A25-9051-4ED3-9C9D-B033BE69E439}"
EndProject
Project("{2150E333-8FDC-42A3-9474-1A3956D46DE8}") = "src", "src", "{E0D33AD4-24D9-4056-8176-15CDE27770CD}"
EndProject
Project("{2150E333-8FDC-42A3-9474-1A3956D46DE8}") = "tests", "tests", "{83D892C3-C369-4C32-9F2D-14DADED37AB6}"
EndProject
Project("{FAE04EC0-301F-11D3-BF4B-00C04F79EFBC}") = "PlanManager.Tests", "PlanManager.Tests\PlanManager.Tests.csproj", "{A96C3B73-62FD-4DE5-99C6-74A6BE9AFAE7}"
EndProject
Project("{FAE04EC0-301F-11D3-BF4B-00C04F79EFBC}") = "EventManager.Frontend", "EventManager.Frontend\EventManager.Frontend.csproj", "{0CCC954F-3CEF-4177-9972-76B455AF3C42}"
EndProject
Global
	GlobalSection(SolutionConfigurationPlatforms) = preSolution
		Debug|Any CPU = Debug|Any CPU
		Release|Any CPU = Release|Any CPU
	EndGlobalSection
	GlobalSection(ProjectConfigurationPlatforms) = postSolution
		{9E75048C-A72D-4356-9BB1-7AE18350E8AD}.Debug|Any CPU.ActiveCfg = Debug|Any CPU
		{9E75048C-A72D-4356-9BB1-7AE18350E8AD}.Debug|Any CPU.Build.0 = Debug|Any CPU
		{9E75048C-A72D-4356-9BB1-7AE18350E8AD}.Release|Any CPU.ActiveCfg = Release|Any CPU
		{9E75048C-A72D-4356-9BB1-7AE18350E8AD}.Release|Any CPU.Build.0 = Release|Any CPU
		{AF30B19F-5D04-4759-9D70-AC07C0885D71}.Debug|Any CPU.ActiveCfg = Debug|Any CPU
		{AF30B19F-5D04-4759-9D70-AC07C0885D71}.Debug|Any CPU.Build.0 = Debug|Any CPU
		{AF30B19F-5D04-4759-9D70-AC07C0885D71}.Release|Any CPU.ActiveCfg = Release|Any CPU
		{AF30B19F-5D04-4759-9D70-AC07C0885D71}.Release|Any CPU.Build.0 = Release|Any CPU
		{BE322A25-9051-4ED3-9C9D-B033BE69E439}.Debug|Any CPU.ActiveCfg = Debug|Any CPU
		{BE322A25-9051-4ED3-9C9D-B033BE69E439}.Debug|Any CPU.Build.0 = Debug|Any CPU
		{BE322A25-9051-4ED3-9C9D-B033BE69E439}.Release|Any CPU.ActiveCfg = Release|Any CPU
		{BE322A25-9051-4ED3-9C9D-B033BE69E439}.Release|Any CPU.Build.0 = Release|Any CPU
		{A96C3B73-62FD-4DE5-99C6-74A6BE9AFAE7}.Debug|Any CPU.ActiveCfg = Debug|Any CPU
		{A96C3B73-62FD-4DE5-99C6-74A6BE9AFAE7}.Debug|Any CPU.Build.0 = Debug|Any CPU
		{A96C3B73-62FD-4DE5-99C6-74A6BE9AFAE7}.Release|Any CPU.ActiveCfg = Release|Any CPU
		{A96C3B73-62FD-4DE5-99C6-74A6BE9AFAE7}.Release|Any CPU.Build.0 = Release|Any CPU
		{0CCC954F-3CEF-4177-9972-76B455AF3C42}.Debug|Any CPU.ActiveCfg = Debug|Any CPU
		{0CCC954F-3CEF-4177-9972-76B455AF3C42}.Debug|Any CPU.Build.0 = Debug|Any CPU
		{0CCC954F-3CEF-4177-9972-76B455AF3C42}.Release|Any CPU.ActiveCfg = Release|Any CPU
		{0CCC954F-3CEF-4177-9972-76B455AF3C42}.Release|Any CPU.Build.0 = Release|Any CPU
	EndGlobalSection
	GlobalSection(NestedProjects) = preSolution
		{9E75048C-A72D-4356-9BB1-7AE18350E8AD} = {E0D33AD4-24D9-4056-8176-15CDE27770CD}
		{AF30B19F-5D04-4759-9D70-AC07C0885D71} = {E0D33AD4-24D9-4056-8176-15CDE27770CD}
		{BE322A25-9051-4ED3-9C9D-B033BE69E439} = {E0D33AD4-24D9-4056-8176-15CDE27770CD}
		{A96C3B73-62FD-4DE5-99C6-74A6BE9AFAE7} = {83D892C3-C369-4C32-9F2D-14DADED37AB6}
		{0CCC954F-3CEF-4177-9972-76B455AF3C42} = {E0D33AD4-24D9-4056-8176-15CDE27770CD}
	EndGlobalSection
EndGlobal
